
Microsoft Visual Studio Solution File, Format Version 12.00
# Visual Studio Version 17
VisualStudioVersion = 17.5.002.0
MinimumVisualStudioVersion = 10.0.40219.1
Project("{9A19103F-16F7-4668-BE54-9A1E7A4F7556}") = "demo", "demo.csproj", "{62FAF005-3CF7-479C-96D6-981E7AC08947}"
EndProject
Project("{9A19103F-16F7-4668-BE54-9A1E7A4F7556}") = "MockLib", "MockLib\MockLib.csproj", "{4BACD734-8B91-46E6-8F76-A72EDE8455CF}"
EndProject
Project("{FAE04EC0-301F-11D3-BF4B-00C04F79EFBC}") = "LiteDBDemo", "..\LiteDBDemo\LiteDBDemo.csproj", "{699A1CD7-1FE9-4067-98CC-8FFB20CD3F97}"
EndProject
Global
	GlobalSection(SolutionConfigurationPlatforms) = preSolution
		Debug|Any CPU = Debug|Any CPU
		Release|Any CPU = Release|Any CPU
	EndGlobalSection
	GlobalSection(ProjectConfigurationPlatforms) = postSolution
		{62FAF005-3CF7-479C-96D6-981E7AC08947}.Debug|Any CPU.ActiveCfg = Debug|Any CPU
		{62FAF005-3CF7-479C-96D6-981E7AC08947}.Debug|Any CPU.Build.0 = Debug|Any CPU
		{62FAF005-3CF7-479C-96D6-981E7AC08947}.Release|Any CPU.ActiveCfg = Release|Any CPU
		{62FAF005-3CF7-479C-96D6-981E7AC08947}.Release|Any CPU.Build.0 = Release|Any CPU
		{4BACD734-8B91-46E6-8F76-A72EDE8455CF}.Debug|Any CPU.ActiveCfg = Debug|Any CPU
		{4BACD734-8B91-46E6-8F76-A72EDE8455CF}.Debug|Any CPU.Build.0 = Debug|Any CPU
		{4BACD734-8B91-46E6-8F76-A72EDE8455CF}.Release|Any CPU.ActiveCfg = Release|Any CPU
		{4BACD734-8B91-46E6-8F76-A72EDE8455CF}.Release|Any CPU.Build.0 = Release|Any CPU
		{699A1CD7-1FE9-4067-98CC-8FFB20CD3F97}.Debug|Any CPU.ActiveCfg = Debug|Any CPU
		{699A1CD7-1FE9-4067-98CC-8FFB20CD3F97}.Debug|Any CPU.Build.0 = Debug|Any CPU
		{699A1CD7-1FE9-4067-98CC-8FFB20CD3F97}.Release|Any CPU.ActiveCfg = Release|Any CPU
		{699A1CD7-1FE9-4067-98CC-8FFB20CD3F97}.Release|Any CPU.Build.0 = Release|Any CPU
	EndGlobalSection
	GlobalSection(SolutionProperties) = preSolution
		HideSolutionNode = FALSE
	EndGlobalSection
	GlobalSection(ExtensibilityGlobals) = postSolution
		SolutionGuid = {B6088135-8A77-4AFA-99D8-A6FAFE01D161}
	EndGlobalSection
EndGlobal
